{
  "version": 4,
  "terraform_version": "1.3.7",
  "serial": 60,
  "lineage": "ddda6f10-6579-2721-7497-6e20428c5eec",
  "outputs": {},
  "resources": [
    {
      "mode": "managed",
      "type": "aws_eks_cluster",
      "name": "cluster",
      "provider": "provider[\"registry.terraform.io/hashicorp/aws\"]",
      "instances": [
        {
          "schema_version": 0,
          "attributes": {
            "arn": "arn:aws:eks:eu-central-1:475775181858:cluster/example1",
            "certificate_authority": [
              {
                "data": "LS0tLS1CRUdJTiBDRVJUSUZJQ0FURS0tLS0tCk1JSUMvakNDQWVhZ0F3SUJBZ0lCQURBTkJna3Foa2lHOXcwQkFRc0ZBREFWTVJNd0VRWURWUVFERXdwcmRXSmwKY201bGRHVnpNQjRYRFRJek1ESXhNVEEyTlRZMU9Wb1hEVE16TURJd09EQTJOVFkxT1Zvd0ZURVRNQkVHQTFVRQpBeE1LYTNWaVpYSnVaWFJsY3pDQ0FTSXdEUVlKS29aSWh2Y05BUUVCQlFBRGdnRVBBRENDQVFvQ2dnRUJBTC8wCkh0bnZoSUczT28yb1ZnMmdQd29aTXR2U2EzSG5xQ3RQMjBCRWlLNGN2dThhY2g2bmk5Y3lNTmRtTmpwUGlnb0IKOFRyVlByQjFhNW4rcXVUV3BCcngwNE1DSFNZb1BLdDl4TkY2enpuWmpWUHI2VGQ4YXdLbTdDR1RZVGhtSUJnYgovN0w3Y05KbVpFc3JCak05Vzl1QVdlWmtHQmJxaklOdys3QWNXUGxnLzYrNmV1R3pSNk4vR00zdGNQcnhNelZvCkh6OENjU3dKalFrcHhkamh6L3V1WVRMemRkT0tObmlqeTkvSDZRQ20wMHBEbEZYbmhlOThKa1c4bVNhQ3ZuVUIKM0JXWDRTVkVSTEdpaHpGVUFCN1g2Tkw4cDZXUW40WWw2aG15bXlKeVpUdGNDSkpGc3g3M1daWXhSQmNWWGNUTwppTVM3SHcyTStKcGM2UWhMV2RNQ0F3RUFBYU5aTUZjd0RnWURWUjBQQVFIL0JBUURBZ0trTUE4R0ExVWRFd0VCCi93UUZNQU1CQWY4d0hRWURWUjBPQkJZRUZDQWpzeXh3QmRuaHJoQzR3U0IvcGtxcERua3lNQlVHQTFVZEVRUU8KTUF5Q0NtdDFZbVZ5Ym1WMFpYTXdEUVlKS29aSWh2Y05BUUVMQlFBRGdnRUJBRWdqbEJrRU5wSjJxRnczanN1cwo0ZjBjRm5SaDlVWWF1bHJuUDlGVnRMWm9zWmowTWFWZUpxYmxZRFNFcFRJaXZQSzJ6RmdhQlFFR1hERm9GbDZqCnlYb21reDhXZEk3SGxUcDg0Nnp5aW0wVGVibFpWSVArSWd6aXNpY3RTbGhmdEtjazFybllYNkxTUlpTTWpoT0EKQStBMlQ4aFg5MU16Tzdjc290b3FISVVCaXJ2OFFnNklCencxWEIvc01SdmFlTUQycW1MQ3ZxdkRHajE0QS9wcwpuR0QxZHg1b05DMldaT3pMQXpDVVJ3cE9zSTJyWFRaNnQ4d2F3U0dzSi9EcDIzTjFEemNUT0JVOFZHUWt0Qzh5CkFnclI1QUVlY2FxRzM1SXJHWHI0VFlHSDdpcUtra0tucGZrUUpvSEsrUXFVelBlK2dUR2ZCa1dKTERSNGhhUkYKV0VrPQotLS0tLUVORCBDRVJUSUZJQ0FURS0tLS0tCg=="
              }
            ],
            "cluster_id": null,
            "created_at": "2023-02-11 06:51:19.561 +0000 UTC",
            "enabled_cluster_log_types": [],
            "encryption_config": [],
            "endpoint": "https://D8DF6DDE36CBE3B51B9F89784FCDC5DA.gr7.eu-central-1.eks.amazonaws.com",
            "id": "example1",
            "identity": [
              {
                "oidc": [
                  {
                    "issuer": "https://oidc.eks.eu-central-1.amazonaws.com/id/D8DF6DDE36CBE3B51B9F89784FCDC5DA"
                  }
                ]
              }
            ],
            "kubernetes_network_config": [
              {
                "ip_family": "ipv4",
                "service_ipv4_cidr": "172.20.0.0/16",
                "service_ipv6_cidr": ""
              }
            ],
            "name": "example1",
            "outpost_config": [],
            "platform_version": "eks.4",
            "role_arn": "arn:aws:iam::475775181858:role/eks-cluster-example1",
            "status": "ACTIVE",
            "tags": {},
            "tags_all": {},
            "timeouts": null,
            "version": "1.24",
            "vpc_config": [
              {
                "cluster_security_group_id": "sg-0d1a5c4d3ed923160",
                "endpoint_private_access": true,
                "endpoint_public_access": true,
                "public_access_cidrs": [
                  "0.0.0.0/0"
                ],
                "security_group_ids": [],
                "subnet_ids": [
                  "subnet-03d39e7355c9e6884",
                  "subnet-0ac8f6b7ef224a881"
                ],
                "vpc_id": "vpc-080f3de7d02e7bb99"
              }
            ]
          },
          "sensitive_attributes": [],
          "private": "eyJlMmJmYjczMC1lY2FhLTExZTYtOGY4OC0zNDM2M2JjN2M0YzAiOnsiY3JlYXRlIjoxODAwMDAwMDAwMDAwLCJkZWxldGUiOjkwMDAwMDAwMDAwMCwidXBkYXRlIjozNjAwMDAwMDAwMDAwfX0=",
          "dependencies": [
            "aws_iam_role.cluster-role",
            "aws_iam_role_policy_attachment.AmazonEKSClusterPolicy",
            "aws_iam_role_policy_attachment.AmazonEKSVPCResourceController"
          ]
        }
      ]
    },
    {
      "mode": "managed",
      "type": "aws_iam_role",
      "name": "cluster-role",
      "provider": "provider[\"registry.terraform.io/hashicorp/aws\"]",
      "instances": [
        {
          "schema_version": 0,
          "attributes": {
            "arn": "arn:aws:iam::475775181858:role/eks-cluster-example1",
            "assume_role_policy": "{\"Statement\":[{\"Action\":\"sts:AssumeRole\",\"Effect\":\"Allow\",\"Principal\":{\"Service\":\"eks.amazonaws.com\"}}],\"Version\":\"2012-10-17\"}",
            "create_date": "2023-02-11T03:06:10Z",
            "description": "",
            "force_detach_policies": false,
            "id": "eks-cluster-example1",
            "inline_policy": [],
            "managed_policy_arns": [
              "arn:aws:iam::aws:policy/AmazonEKSClusterPolicy",
              "arn:aws:iam::aws:policy/AmazonEKSVPCResourceController"
            ],
            "max_session_duration": 3600,
            "name": "eks-cluster-example1",
            "name_prefix": "",
            "path": "/",
            "permissions_boundary": null,
            "tags": {},
            "tags_all": {},
            "unique_id": "AROAW5RTJEQRNQ2OMSG5U"
          },
          "sensitive_attributes": [],
          "private": "bnVsbA=="
        }
      ]
    },
    {
      "mode": "managed",
      "type": "aws_iam_role_policy_attachment",
      "name": "AmazonEKSClusterPolicy",
      "provider": "provider[\"registry.terraform.io/hashicorp/aws\"]",
      "instances": [
        {
          "schema_version": 0,
          "attributes": {
            "id": "eks-cluster-example1-20230211030612260300000004",
            "policy_arn": "arn:aws:iam::aws:policy/AmazonEKSClusterPolicy",
            "role": "eks-cluster-example1"
          },
          "sensitive_attributes": [],
          "private": "bnVsbA==",
          "dependencies": [
            "aws_iam_role.cluster-role"
          ]
        }
      ]
    },
    {
      "mode": "managed",
      "type": "aws_iam_role_policy_attachment",
      "name": "AmazonEKSVPCResourceController",
      "provider": "provider[\"registry.terraform.io/hashicorp/aws\"]",
      "instances": [
        {
          "schema_version": 0,
          "attributes": {
            "id": "eks-cluster-example1-20230211030612528000000005",
            "policy_arn": "arn:aws:iam::aws:policy/AmazonEKSVPCResourceController",
            "role": "eks-cluster-example1"
          },
          "sensitive_attributes": [],
          "private": "bnVsbA==",
          "dependencies": [
            "aws_iam_role.cluster-role"
          ]
        }
      ]
    }
  ],
  "check_results": null
}
